// !$*UTF8*$!
{
	archiveVersion = 1;
	classes = {
	};
	objectVersion = 56;
	objects = {

/* Begin PBXBuildFile section */
		33D49DC66F547CCC98603F45 /* Pods_Sense.framework in Frameworks */ = {isa = PBXBuildFile; fileRef = ACE882F8B0D8D220B0517A71 /* Pods_Sense.framework */; };
		622A61102B20C664003EFD82 /* QuotesGenerator.swift in Sources */ = {isa = PBXBuildFile; fileRef = 622A610F2B20C664003EFD82 /* QuotesGenerator.swift */; };
		622A61122B20C8FE003EFD82 /* QuoteData.swift in Sources */ = {isa = PBXBuildFile; fileRef = 622A61112B20C8FE003EFD82 /* QuoteData.swift */; };
		622A61182B20D8BA003EFD82 /* QuoteModel.swift in Sources */ = {isa = PBXBuildFile; fileRef = 622A61172B20D8BA003EFD82 /* QuoteModel.swift */; };
		6245ECB82B2F4D020017F31A /* ExpandedViewController.swift in Sources */ = {isa = PBXBuildFile; fileRef = 6245ECB72B2F4D010017F31A /* ExpandedViewController.swift */; };
		624CEA162B29BD3F000AF797 /* Notifications.swift in Sources */ = {isa = PBXBuildFile; fileRef = 624CEA152B29BD3F000AF797 /* Notifications.swift */; };
		624CEA182B29C51A000AF797 /* SettingsMenuViewController.swift in Sources */ = {isa = PBXBuildFile; fileRef = 624CEA172B29C51A000AF797 /* SettingsMenuViewController.swift */; };
		6298E5E82B0E698A000FCF30 /* CalendarContentViewController.swift in Sources */ = {isa = PBXBuildFile; fileRef = 6298E5E72B0E698A000FCF30 /* CalendarContentViewController.swift */; };
		6298E5EA2B0E7689000FCF30 /* DiaryEntryModel.swift in Sources */ = {isa = PBXBuildFile; fileRef = 6298E5E92B0E7689000FCF30 /* DiaryEntryModel.swift */; };
		6298E5EC2B115777000FCF30 /* FirebaseMethods.swift in Sources */ = {isa = PBXBuildFile; fileRef = 6298E5EB2B115776000FCF30 /* FirebaseMethods.swift */; };
		6298E5EE2B115A23000FCF30 /* Alerts.swift in Sources */ = {isa = PBXBuildFile; fileRef = 6298E5ED2B115A23000FCF30 /* Alerts.swift */; };
		6298E5F02B13AE80000FCF30 /* AppLogic.swift in Sources */ = {isa = PBXBuildFile; fileRef = 6298E5EF2B13AE80000FCF30 /* AppLogic.swift */; };
		62A4551D2B08C5E800ACD2E6 /* AppDelegate.swift in Sources */ = {isa = PBXBuildFile; fileRef = 62A4551C2B08C5E800ACD2E6 /* AppDelegate.swift */; };
		62A4551F2B08C5E800ACD2E6 /* SceneDelegate.swift in Sources */ = {isa = PBXBuildFile; fileRef = 62A4551E2B08C5E800ACD2E6 /* SceneDelegate.swift */; };
		62A455242B08C5E800ACD2E6 /* Main.storyboard in Resources */ = {isa = PBXBuildFile; fileRef = 62A455222B08C5E800ACD2E6 /* Main.storyboard */; };
		62A455262B08C5EA00ACD2E6 /* Assets.xcassets in Resources */ = {isa = PBXBuildFile; fileRef = 62A455252B08C5EA00ACD2E6 /* Assets.xcassets */; };
		62A455292B08C5EA00ACD2E6 /* LaunchScreen.storyboard in Resources */ = {isa = PBXBuildFile; fileRef = 62A455272B08C5EA00ACD2E6 /* LaunchScreen.storyboard */; };
		62A455342B08C6D700ACD2E6 /* HomeViewController.swift in Sources */ = {isa = PBXBuildFile; fileRef = 62A455332B08C6D700ACD2E6 /* HomeViewController.swift */; };
		62A455362B08C6EA00ACD2E6 /* LoginViewController.swift in Sources */ = {isa = PBXBuildFile; fileRef = 62A455352B08C6EA00ACD2E6 /* LoginViewController.swift */; };
		62A455382B08C6F800ACD2E6 /* RegisterViewController.swift in Sources */ = {isa = PBXBuildFile; fileRef = 62A455372B08C6F800ACD2E6 /* RegisterViewController.swift */; };
		62A4553A2B08C70300ACD2E6 /* MainViewController.swift in Sources */ = {isa = PBXBuildFile; fileRef = 62A455392B08C70300ACD2E6 /* MainViewController.swift */; };
		62A4553C2B08C70D00ACD2E6 /* CalendarViewController.swift in Sources */ = {isa = PBXBuildFile; fileRef = 62A4553B2B08C70D00ACD2E6 /* CalendarViewController.swift */; };
		62A455402B08C90300ACD2E6 /* DiaryEntryViewController.swift in Sources */ = {isa = PBXBuildFile; fileRef = 62A4553F2B08C90300ACD2E6 /* DiaryEntryViewController.swift */; };
		62A455442B08DFBD00ACD2E6 /* GoogleService-Info.plist in Resources */ = {isa = PBXBuildFile; fileRef = 62A455432B08DFBC00ACD2E6 /* GoogleService-Info.plist */; };
		62A455462B08E74E00ACD2E6 /* LaunchScreenViewController.swift in Sources */ = {isa = PBXBuildFile; fileRef = 62A455452B08E74E00ACD2E6 /* LaunchScreenViewController.swift */; };
/* End PBXBuildFile section */

/* Begin PBXFileReference section */
		622A610F2B20C664003EFD82 /* QuotesGenerator.swift */ = {isa = PBXFileReference; lastKnownFileType = sourcecode.swift; path = QuotesGenerator.swift; sourceTree = "<group>"; };
		622A61112B20C8FE003EFD82 /* QuoteData.swift */ = {isa = PBXFileReference; lastKnownFileType = sourcecode.swift; path = QuoteData.swift; sourceTree = "<group>"; };
		622A61172B20D8BA003EFD82 /* QuoteModel.swift */ = {isa = PBXFileReference; lastKnownFileType = sourcecode.swift; path = QuoteModel.swift; sourceTree = "<group>"; };
		6245ECB72B2F4D010017F31A /* ExpandedViewController.swift */ = {isa = PBXFileReference; lastKnownFileType = sourcecode.swift; path = ExpandedViewController.swift; sourceTree = "<group>"; };
		624CEA152B29BD3F000AF797 /* Notifications.swift */ = {isa = PBXFileReference; lastKnownFileType = sourcecode.swift; path = Notifications.swift; sourceTree = "<group>"; };
		624CEA172B29C51A000AF797 /* SettingsMenuViewController.swift */ = {isa = PBXFileReference; lastKnownFileType = sourcecode.swift; path = SettingsMenuViewController.swift; sourceTree = "<group>"; };
		6298E5E72B0E698A000FCF30 /* CalendarContentViewController.swift */ = {isa = PBXFileReference; lastKnownFileType = sourcecode.swift; path = CalendarContentViewController.swift; sourceTree = "<group>"; };
		6298E5E92B0E7689000FCF30 /* DiaryEntryModel.swift */ = {isa = PBXFileReference; lastKnownFileType = sourcecode.swift; path = DiaryEntryModel.swift; sourceTree = "<group>"; };
		6298E5EB2B115776000FCF30 /* FirebaseMethods.swift */ = {isa = PBXFileReference; lastKnownFileType = sourcecode.swift; path = FirebaseMethods.swift; sourceTree = "<group>"; };
		6298E5ED2B115A23000FCF30 /* Alerts.swift */ = {isa = PBXFileReference; lastKnownFileType = sourcecode.swift; path = Alerts.swift; sourceTree = "<group>"; };
		6298E5EF2B13AE80000FCF30 /* AppLogic.swift */ = {isa = PBXFileReference; lastKnownFileType = sourcecode.swift; path = AppLogic.swift; sourceTree = "<group>"; };
		62A455192B08C5E800ACD2E6 /* Sense.app */ = {isa = PBXFileReference; explicitFileType = wrapper.application; includeInIndex = 0; path = Sense.app; sourceTree = BUILT_PRODUCTS_DIR; };
		62A4551C2B08C5E800ACD2E6 /* AppDelegate.swift */ = {isa = PBXFileReference; lastKnownFileType = sourcecode.swift; path = AppDelegate.swift; sourceTree = "<group>"; };
		62A4551E2B08C5E800ACD2E6 /* SceneDelegate.swift */ = {isa = PBXFileReference; lastKnownFileType = sourcecode.swift; path = SceneDelegate.swift; sourceTree = "<group>"; };
		62A455232B08C5E800ACD2E6 /* Base */ = {isa = PBXFileReference; lastKnownFileType = file.storyboard; name = Base; path = Base.lproj/Main.storyboard; sourceTree = "<group>"; };
		62A455252B08C5EA00ACD2E6 /* Assets.xcassets */ = {isa = PBXFileReference; lastKnownFileType = folder.assetcatalog; path = Assets.xcassets; sourceTree = "<group>"; };
		62A455282B08C5EA00ACD2E6 /* Base */ = {isa = PBXFileReference; lastKnownFileType = file.storyboard; name = Base; path = Base.lproj/LaunchScreen.storyboard; sourceTree = "<group>"; };
		62A4552A2B08C5EA00ACD2E6 /* Info.plist */ = {isa = PBXFileReference; lastKnownFileType = text.plist.xml; path = Info.plist; sourceTree = "<group>"; };
		62A455332B08C6D700ACD2E6 /* HomeViewController.swift */ = {isa = PBXFileReference; lastKnownFileType = sourcecode.swift; path = HomeViewController.swift; sourceTree = "<group>"; };
		62A455352B08C6EA00ACD2E6 /* LoginViewController.swift */ = {isa = PBXFileReference; lastKnownFileType = sourcecode.swift; path = LoginViewController.swift; sourceTree = "<group>"; };
		62A455372B08C6F800ACD2E6 /* RegisterViewController.swift */ = {isa = PBXFileReference; lastKnownFileType = sourcecode.swift; path = RegisterViewController.swift; sourceTree = "<group>"; };
		62A455392B08C70300ACD2E6 /* MainViewController.swift */ = {isa = PBXFileReference; lastKnownFileType = sourcecode.swift; path = MainViewController.swift; sourceTree = "<group>"; };
		62A4553B2B08C70D00ACD2E6 /* CalendarViewController.swift */ = {isa = PBXFileReference; lastKnownFileType = sourcecode.swift; path = CalendarViewController.swift; sourceTree = "<group>"; };
		62A4553F2B08C90300ACD2E6 /* DiaryEntryViewController.swift */ = {isa = PBXFileReference; lastKnownFileType = sourcecode.swift; path = DiaryEntryViewController.swift; sourceTree = "<group>"; };
		62A455432B08DFBC00ACD2E6 /* GoogleService-Info.plist */ = {isa = PBXFileReference; fileEncoding = 4; lastKnownFileType = text.plist.xml; path = "GoogleService-Info.plist"; sourceTree = "<group>"; };
		62A455452B08E74E00ACD2E6 /* LaunchScreenViewController.swift */ = {isa = PBXFileReference; lastKnownFileType = sourcecode.swift; path = LaunchScreenViewController.swift; sourceTree = "<group>"; };
		677072AE97AA236B2E3704C2 /* Pods-Sense.debug.xcconfig */ = {isa = PBXFileReference; includeInIndex = 1; lastKnownFileType = text.xcconfig; name = "Pods-Sense.debug.xcconfig"; path = "Target Support Files/Pods-Sense/Pods-Sense.debug.xcconfig"; sourceTree = "<group>"; };
		A9ED0224B32C1D2D73162E6E /* Pods-Sense.release.xcconfig */ = {isa = PBXFileReference; includeInIndex = 1; lastKnownFileType = text.xcconfig; name = "Pods-Sense.release.xcconfig"; path = "Target Support Files/Pods-Sense/Pods-Sense.release.xcconfig"; sourceTree = "<group>"; };
		ACE882F8B0D8D220B0517A71 /* Pods_Sense.framework */ = {isa = PBXFileReference; explicitFileType = wrapper.framework; includeInIndex = 0; path = Pods_Sense.framework; sourceTree = BUILT_PRODUCTS_DIR; };
/* End PBXFileReference section */

/* Begin PBXFrameworksBuildPhase section */
		62A455162B08C5E800ACD2E6 /* Frameworks */ = {
			isa = PBXFrameworksBuildPhase;
			buildActionMask = 2147483647;
			files = (
				33D49DC66F547CCC98603F45 /* Pods_Sense.framework in Frameworks */,
			);
			runOnlyForDeploymentPostprocessing = 0;
		};
/* End PBXFrameworksBuildPhase section */

/* Begin PBXGroup section */
		62A455102B08C5E800ACD2E6 = {
			isa = PBXGroup;
			children = (
				62A4551B2B08C5E800ACD2E6 /* Sense */,
				62A4551A2B08C5E800ACD2E6 /* Products */,
				A88E97BB48E137B5347A4DA2 /* Pods */,
				7422111F4ECEAA9742F1C92C /* Frameworks */,
			);
			sourceTree = "<group>";
		};
		62A4551A2B08C5E800ACD2E6 /* Products */ = {
			isa = PBXGroup;
			children = (
				62A455192B08C5E800ACD2E6 /* Sense.app */,
			);
			name = Products;
			sourceTree = "<group>";
		};
		62A4551B2B08C5E800ACD2E6 /* Sense */ = {
			isa = PBXGroup;
			children = (
				62A4551C2B08C5E800ACD2E6 /* AppDelegate.swift */,
				62A4551E2B08C5E800ACD2E6 /* SceneDelegate.swift */,
				62A455312B08C67900ACD2E6 /* Model */,
				62A455322B08C68400ACD2E6 /* View */,
				62A455302B08C65B00ACD2E6 /* Controller */,
				62A455252B08C5EA00ACD2E6 /* Assets.xcassets */,
				62A455272B08C5EA00ACD2E6 /* LaunchScreen.storyboard */,
				62A4552A2B08C5EA00ACD2E6 /* Info.plist */,
				62A455432B08DFBC00ACD2E6 /* GoogleService-Info.plist */,
			);
			path = Sense;
			sourceTree = "<group>";
		};
		62A455302B08C65B00ACD2E6 /* Controller */ = {
			isa = PBXGroup;
			children = (
				62A455452B08E74E00ACD2E6 /* LaunchScreenViewController.swift */,
				62A455332B08C6D700ACD2E6 /* HomeViewController.swift */,
				62A455372B08C6F800ACD2E6 /* RegisterViewController.swift */,
				62A455352B08C6EA00ACD2E6 /* LoginViewController.swift */,
				62A455392B08C70300ACD2E6 /* MainViewController.swift */,
				62A4553B2B08C70D00ACD2E6 /* CalendarViewController.swift */,
				62A4553F2B08C90300ACD2E6 /* DiaryEntryViewController.swift */,
				6298E5E72B0E698A000FCF30 /* CalendarContentViewController.swift */,
				624CEA172B29C51A000AF797 /* SettingsMenuViewController.swift */,
				6245ECB72B2F4D010017F31A /* ExpandedViewController.swift */,
			);
			path = Controller;
			sourceTree = "<group>";
		};
		62A455312B08C67900ACD2E6 /* Model */ = {
			isa = PBXGroup;
			children = (
				6298E5E92B0E7689000FCF30 /* DiaryEntryModel.swift */,
				622A61112B20C8FE003EFD82 /* QuoteData.swift */,
				6298E5EB2B115776000FCF30 /* FirebaseMethods.swift */,
				6298E5ED2B115A23000FCF30 /* Alerts.swift */,
				6298E5EF2B13AE80000FCF30 /* AppLogic.swift */,
				622A610F2B20C664003EFD82 /* QuotesGenerator.swift */,
				622A61172B20D8BA003EFD82 /* QuoteModel.swift */,
				624CEA152B29BD3F000AF797 /* Notifications.swift */,
			);
			path = Model;
			sourceTree = "<group>";
		};
		62A455322B08C68400ACD2E6 /* View */ = {
			isa = PBXGroup;
			children = (
				62A455222B08C5E800ACD2E6 /* Main.storyboard */,
			);
			path = View;
			sourceTree = "<group>";
		};
		7422111F4ECEAA9742F1C92C /* Frameworks */ = {
			isa = PBXGroup;
			children = (
				ACE882F8B0D8D220B0517A71 /* Pods_Sense.framework */,
			);
			name = Frameworks;
			sourceTree = "<group>";
		};
		A88E97BB48E137B5347A4DA2 /* Pods */ = {
			isa = PBXGroup;
			children = (
				677072AE97AA236B2E3704C2 /* Pods-Sense.debug.xcconfig */,
				A9ED0224B32C1D2D73162E6E /* Pods-Sense.release.xcconfig */,
			);
			path = Pods;
			sourceTree = "<group>";
		};
/* End PBXGroup section */

/* Begin PBXNativeTarget section */
		62A455182B08C5E800ACD2E6 /* Sense */ = {
			isa = PBXNativeTarget;
			buildConfigurationList = 62A4552D2B08C5EA00ACD2E6 /* Build configuration list for PBXNativeTarget "Sense" */;
			buildPhases = (
				F28786E2B36EADFF999AE873 /* [CP] Check Pods Manifest.lock */,
				62A455152B08C5E800ACD2E6 /* Sources */,
				62A455162B08C5E800ACD2E6 /* Frameworks */,
				62A455172B08C5E800ACD2E6 /* Resources */,
				04B63C94B351A958E0181957 /* [CP] Embed Pods Frameworks */,
			);
			buildRules = (
			);
			dependencies = (
			);
			name = Sense;
			productName = Sense;
			productReference = 62A455192B08C5E800ACD2E6 /* Sense.app */;
			productType = "com.apple.product-type.application";
		};
/* End PBXNativeTarget section */

/* Begin PBXProject section */
		62A455112B08C5E800ACD2E6 /* Project object */ = {
			isa = PBXProject;
			attributes = {
				BuildIndependentTargetsInParallel = 1;
				LastSwiftUpdateCheck = 1500;
				LastUpgradeCheck = 1500;
				TargetAttributes = {
					62A455182B08C5E800ACD2E6 = {
						CreatedOnToolsVersion = 15.0.1;
					};
				};
			};
			buildConfigurationList = 62A455142B08C5E800ACD2E6 /* Build configuration list for PBXProject "Sense" */;
			compatibilityVersion = "Xcode 14.0";
			developmentRegion = en;
			hasScannedForEncodings = 0;
			knownRegions = (
				en,
				Base,
			);
			mainGroup = 62A455102B08C5E800ACD2E6;
			productRefGroup = 62A4551A2B08C5E800ACD2E6 /* Products */;
			projectDirPath = "";
			projectRoot = "";
			targets = (
				62A455182B08C5E800ACD2E6 /* Sense */,
			);
		};
/* End PBXProject section */

/* Begin PBXResourcesBuildPhase section */
		62A455172B08C5E800ACD2E6 /* Resources */ = {
			isa = PBXResourcesBuildPhase;
			buildActionMask = 2147483647;
			files = (
				62A455292B08C5EA00ACD2E6 /* LaunchScreen.storyboard in Resources */,
				62A455442B08DFBD00ACD2E6 /* GoogleService-Info.plist in Resources */,
				62A455262B08C5EA00ACD2E6 /* Assets.xcassets in Resources */,
				62A455242B08C5E800ACD2E6 /* Main.storyboard in Resources */,
			);
			runOnlyForDeploymentPostprocessing = 0;
		};
/* End PBXResourcesBuildPhase section */

/* Begin PBXShellScriptBuildPhase section */
		04B63C94B351A958E0181957 /* [CP] Embed Pods Frameworks */ = {
			isa = PBXShellScriptBuildPhase;
			buildActionMask = 2147483647;
			files = (
			);
			inputFileListPaths = (
				"${PODS_ROOT}/Target Support Files/Pods-Sense/Pods-Sense-frameworks-${CONFIGURATION}-input-files.xcfilelist",
			);
			name = "[CP] Embed Pods Frameworks";
			outputFileListPaths = (
				"${PODS_ROOT}/Target Support Files/Pods-Sense/Pods-Sense-frameworks-${CONFIGURATION}-output-files.xcfilelist",
			);
			runOnlyForDeploymentPostprocessing = 0;
			shellPath = /bin/sh;
			shellScript = "\"${PODS_ROOT}/Target Support Files/Pods-Sense/Pods-Sense-frameworks.sh\"\n";
			showEnvVarsInLog = 0;
		};
		F28786E2B36EADFF999AE873 /* [CP] Check Pods Manifest.lock */ = {
			isa = PBXShellScriptBuildPhase;
			buildActionMask = 2147483647;
			files = (
			);
			inputFileListPaths = (
			);
			inputPaths = (
				"${PODS_PODFILE_DIR_PATH}/Podfile.lock",
				"${PODS_ROOT}/Manifest.lock",
			);
			name = "[CP] Check Pods Manifest.lock";
			outputFileListPaths = (
			);
			outputPaths = (
				"$(DERIVED_FILE_DIR)/Pods-Sense-checkManifestLockResult.txt",
			);
			runOnlyForDeploymentPostprocessing = 0;
			shellPath = /bin/sh;
			shellScript = "diff \"${PODS_PODFILE_DIR_PATH}/Podfile.lock\" \"${PODS_ROOT}/Manifest.lock\" > /dev/null\nif [ $? != 0 ] ; then\n    # print error to STDERR\n    echo \"error: The sandbox is not in sync with the Podfile.lock. Run 'pod install' or update your CocoaPods installation.\" >&2\n    exit 1\nfi\n# This output is used by Xcode 'outputs' to avoid re-running this script phase.\necho \"SUCCESS\" > \"${SCRIPT_OUTPUT_FILE_0}\"\n";
			showEnvVarsInLog = 0;
		};
/* End PBXShellScriptBuildPhase section */

/* Begin PBXSourcesBuildPhase section */
		62A455152B08C5E800ACD2E6 /* Sources */ = {
			isa = PBXSourcesBuildPhase;
			buildActionMask = 2147483647;
			files = (
				624CEA182B29C51A000AF797 /* SettingsMenuViewController.swift in Sources */,
				62A455362B08C6EA00ACD2E6 /* LoginViewController.swift in Sources */,
				6298E5EC2B115777000FCF30 /* FirebaseMethods.swift in Sources */,
				622A61122B20C8FE003EFD82 /* QuoteData.swift in Sources */,
				62A455402B08C90300ACD2E6 /* DiaryEntryViewController.swift in Sources */,
				6298E5E82B0E698A000FCF30 /* CalendarContentViewController.swift in Sources */,
				6298E5F02B13AE80000FCF30 /* AppLogic.swift in Sources */,
				62A455382B08C6F800ACD2E6 /* RegisterViewController.swift in Sources */,
				622A61182B20D8BA003EFD82 /* QuoteModel.swift in Sources */,
				62A4551D2B08C5E800ACD2E6 /* AppDelegate.swift in Sources */,
				62A4553A2B08C70300ACD2E6 /* MainViewController.swift in Sources */,
				6245ECB82B2F4D020017F31A /* ExpandedViewController.swift in Sources */,
				62A4551F2B08C5E800ACD2E6 /* SceneDelegate.swift in Sources */,
				6298E5EE2B115A23000FCF30 /* Alerts.swift in Sources */,
				624CEA162B29BD3F000AF797 /* Notifications.swift in Sources */,
				62A4553C2B08C70D00ACD2E6 /* CalendarViewController.swift in Sources */,
				62A455462B08E74E00ACD2E6 /* LaunchScreenViewController.swift in Sources */,
				622A61102B20C664003EFD82 /* QuotesGenerator.swift in Sources */,
				6298E5EA2B0E7689000FCF30 /* DiaryEntryModel.swift in Sources */,
				62A455342B08C6D700ACD2E6 /* HomeViewController.swift in Sources */,
			);
			runOnlyForDeploymentPostprocessing = 0;
		};
/* End PBXSourcesBuildPhase section */

/* Begin PBXVariantGroup section */
		62A455222B08C5E800ACD2E6 /* Main.storyboard */ = {
			isa = PBXVariantGroup;
			children = (
				62A455232B08C5E800ACD2E6 /* Base */,
			);
			name = Main.storyboard;
			sourceTree = "<group>";
		};
		62A455272B08C5EA00ACD2E6 /* LaunchScreen.storyboard */ = {
			isa = PBXVariantGroup;
			children = (
				62A455282B08C5EA00ACD2E6 /* Base */,
			);
			name = LaunchScreen.storyboard;
			sourceTree = "<group>";
		};
/* End PBXVariantGroup section */

/* Begin XCBuildConfiguration section */
		62A4552B2B08C5EA00ACD2E6 /* Debug */ = {
			isa = XCBuildConfiguration;
			buildSettings = {
				ALWAYS_SEARCH_USER_PATHS = NO;
				ASSETCATALOG_COMPILER_GENERATE_SWIFT_ASSET_SYMBOL_EXTENSIONS = YES;
				CLANG_ANALYZER_NONNULL = YES;
				CLANG_ANALYZER_NUMBER_OBJECT_CONVERSION = YES_AGGRESSIVE;
				CLANG_CXX_LANGUAGE_STANDARD = "gnu++20";
				CLANG_ENABLE_MODULES = YES;
				CLANG_ENABLE_OBJC_ARC = YES;
				CLANG_ENABLE_OBJC_WEAK = YES;
				CLANG_WARN_BLOCK_CAPTURE_AUTORELEASING = YES;
				CLANG_WARN_BOOL_CONVERSION = YES;
				CLANG_WARN_COMMA = YES;
				CLANG_WARN_CONSTANT_CONVERSION = YES;
				CLANG_WARN_DEPRECATED_OBJC_IMPLEMENTATIONS = YES;
				CLANG_WARN_DIRECT_OBJC_ISA_USAGE = YES_ERROR;
				CLANG_WARN_DOCUMENTATION_COMMENTS = YES;
				CLANG_WARN_EMPTY_BODY = YES;
				CLANG_WARN_ENUM_CONVERSION = YES;
				CLANG_WARN_INFINITE_RECURSION = YES;
				CLANG_WARN_INT_CONVERSION = YES;
				CLANG_WARN_NON_LITERAL_NULL_CONVERSION = YES;
				CLANG_WARN_OBJC_IMPLICIT_RETAIN_SELF = YES;
				CLANG_WARN_OBJC_LITERAL_CONVERSION = YES;
				CLANG_WARN_OBJC_ROOT_CLASS = YES_ERROR;
				CLANG_WARN_QUOTED_INCLUDE_IN_FRAMEWORK_HEADER = YES;
				CLANG_WARN_RANGE_LOOP_ANALYSIS = YES;
				CLANG_WARN_STRICT_PROTOTYPES = YES;
				CLANG_WARN_SUSPICIOUS_MOVE = YES;
				CLANG_WARN_UNGUARDED_AVAILABILITY = YES_AGGRESSIVE;
				CLANG_WARN_UNREACHABLE_CODE = YES;
				CLANG_WARN__DUPLICATE_METHOD_MATCH = YES;
				COPY_PHASE_STRIP = NO;
				DEBUG_INFORMATION_FORMAT = dwarf;
				ENABLE_STRICT_OBJC_MSGSEND = YES;
				ENABLE_TESTABILITY = YES;
				ENABLE_USER_SCRIPT_SANDBOXING = NO;
				GCC_C_LANGUAGE_STANDARD = gnu17;
				GCC_DYNAMIC_NO_PIC = NO;
				GCC_NO_COMMON_BLOCKS = YES;
				GCC_OPTIMIZATION_LEVEL = 0;
				GCC_PREPROCESSOR_DEFINITIONS = (
					"DEBUG=1",
					"$(inherited)",
				);
				GCC_WARN_64_TO_32_BIT_CONVERSION = YES;
				GCC_WARN_ABOUT_RETURN_TYPE = YES_ERROR;
				GCC_WARN_UNDECLARED_SELECTOR = YES;
				GCC_WARN_UNINITIALIZED_AUTOS = YES_AGGRESSIVE;
				GCC_WARN_UNUSED_FUNCTION = YES;
				GCC_WARN_UNUSED_VARIABLE = YES;
				IPHONEOS_DEPLOYMENT_TARGET = 16.0;
				LOCALIZATION_PREFERS_STRING_CATALOGS = YES;
				MTL_ENABLE_DEBUG_INFO = INCLUDE_SOURCE;
				MTL_FAST_MATH = YES;
				ONLY_ACTIVE_ARCH = YES;
				SDKROOT = iphoneos;
				SWIFT_ACTIVE_COMPILATION_CONDITIONS = "DEBUG $(inherited)";
				SWIFT_OPTIMIZATION_LEVEL = "-Onone";
			};
			name = Debug;
		};
		62A4552C2B08C5EA00ACD2E6 /* Release */ = {
			isa = XCBuildConfiguration;
			buildSettings = {
				ALWAYS_SEARCH_USER_PATHS = NO;
				ASSETCATALOG_COMPILER_GENERATE_SWIFT_ASSET_SYMBOL_EXTENSIONS = YES;
				CLANG_ANALYZER_NONNULL = YES;
				CLANG_ANALYZER_NUMBER_OBJECT_CONVERSION = YES_AGGRESSIVE;
				CLANG_CXX_LANGUAGE_STANDARD = "gnu++20";
				CLANG_ENABLE_MODULES = YES;
				CLANG_ENABLE_OBJC_ARC = YES;
				CLANG_ENABLE_OBJC_WEAK = YES;
				CLANG_WARN_BLOCK_CAPTURE_AUTORELEASING = YES;
				CLANG_WARN_BOOL_CONVERSION = YES;
				CLANG_WARN_COMMA = YES;
				CLANG_WARN_CONSTANT_CONVERSION = YES;
				CLANG_WARN_DEPRECATED_OBJC_IMPLEMENTATIONS = YES;
				CLANG_WARN_DIRECT_OBJC_ISA_USAGE = YES_ERROR;
				CLANG_WARN_DOCUMENTATION_COMMENTS = YES;
				CLANG_WARN_EMPTY_BODY = YES;
				CLANG_WARN_ENUM_CONVERSION = YES;
				CLANG_WARN_INFINITE_RECURSION = YES;
				CLANG_WARN_INT_CONVERSION = YES;
				CLANG_WARN_NON_LITERAL_NULL_CONVERSION = YES;
				CLANG_WARN_OBJC_IMPLICIT_RETAIN_SELF = YES;
				CLANG_WARN_OBJC_LITERAL_CONVERSION = YES;
				CLANG_WARN_OBJC_ROOT_CLASS = YES_ERROR;
				CLANG_WARN_QUOTED_INCLUDE_IN_FRAMEWORK_HEADER = YES;
				CLANG_WARN_RANGE_LOOP_ANALYSIS = YES;
				CLANG_WARN_STRICT_PROTOTYPES = YES;
				CLANG_WARN_SUSPICIOUS_MOVE = YES;
				CLANG_WARN_UNGUARDED_AVAILABILITY = YES_AGGRESSIVE;
				CLANG_WARN_UNREACHABLE_CODE = YES;
				CLANG_WARN__DUPLICATE_METHOD_MATCH = YES;
				COPY_PHASE_STRIP = NO;
				DEBUG_INFORMATION_FORMAT = "dwarf-with-dsym";
				ENABLE_NS_ASSERTIONS = NO;
				ENABLE_STRICT_OBJC_MSGSEND = YES;
				ENABLE_USER_SCRIPT_SANDBOXING = NO;
				GCC_C_LANGUAGE_STANDARD = gnu17;
				GCC_NO_COMMON_BLOCKS = YES;
				GCC_WARN_64_TO_32_BIT_CONVERSION = YES;
				GCC_WARN_ABOUT_RETURN_TYPE = YES_ERROR;
				GCC_WARN_UNDECLARED_SELECTOR = YES;
				GCC_WARN_UNINITIALIZED_AUTOS = YES_AGGRESSIVE;
				GCC_WARN_UNUSED_FUNCTION = YES;
				GCC_WARN_UNUSED_VARIABLE = YES;
				IPHONEOS_DEPLOYMENT_TARGET = 16.0;
				LOCALIZATION_PREFERS_STRING_CATALOGS = YES;
				MTL_ENABLE_DEBUG_INFO = NO;
				MTL_FAST_MATH = YES;
				SDKROOT = iphoneos;
				SWIFT_COMPILATION_MODE = wholemodule;
				VALIDATE_PRODUCT = YES;
			};
			name = Release;
		};
		62A4552E2B08C5EA00ACD2E6 /* Debug */ = {
			isa = XCBuildConfiguration;
			baseConfigurationReference = 677072AE97AA236B2E3704C2 /* Pods-Sense.debug.xcconfig */;
			buildSettings = {
				ASSETCATALOG_COMPILER_APPICON_NAME = AppIcon;
				ASSETCATALOG_COMPILER_GLOBAL_ACCENT_COLOR_NAME = AccentColor;
				CODE_SIGN_STYLE = Automatic;
				CURRENT_PROJECT_VERSION = 1;
				DEVELOPMENT_TEAM = DTJ5G5B67W;
				GENERATE_INFOPLIST_FILE = YES;
				INFOPLIST_FILE = Sense/Info.plist;
				INFOPLIST_KEY_UIApplicationSupportsIndirectInputEvents = YES;
				INFOPLIST_KEY_UILaunchStoryboardName = LaunchScreen;
				INFOPLIST_KEY_UIMainStoryboardFile = Main;
				INFOPLIST_KEY_UISupportedInterfaceOrientations_iPad = "UIInterfaceOrientationPortrait UIInterfaceOrientationPortraitUpsideDown UIInterfaceOrientationLandscapeLeft UIInterfaceOrientationLandscapeRight";
				INFOPLIST_KEY_UISupportedInterfaceOrientations_iPhone = "UIInterfaceOrientationPortrait UIInterfaceOrientationLandscapeLeft UIInterfaceOrientationLandscapeRight";
				IPHONEOS_DEPLOYMENT_TARGET = 16.0;
				LD_RUNPATH_SEARCH_PATHS = (
					"$(inherited)",
					"@executable_path/Frameworks",
				);
				MARKETING_VERSION = 1.0;
				PRODUCT_BUNDLE_IDENTIFIER = com.AndreaBottino.Sense;
				PRODUCT_NAME = "$(TARGET_NAME)";
				SWIFT_EMIT_LOC_STRINGS = YES;
				SWIFT_VERSION = 5.0;
				TARGETED_DEVICE_FAMILY = "1,2";
			};
			name = Debug;
		};
		62A4552F2B08C5EA00ACD2E6 /* Release */ = {
			isa = XCBuildConfiguration;
			baseConfigurationReference = A9ED0224B32C1D2D73162E6E /* Pods-Sense.release.xcconfig */;
			buildSettings = {
				ASSETCATALOG_COMPILER_APPICON_NAME = AppIcon;
				ASSETCATALOG_COMPILER_GLOBAL_ACCENT_COLOR_NAME = AccentColor;
				CODE_SIGN_STYLE = Automatic;
				CURRENT_PROJECT_VERSION = 1;
				DEVELOPMENT_TEAM = DTJ5G5B67W;
				GENERATE_INFOPLIST_FILE = YES;
				INFOPLIST_FILE = Sense/Info.plist;
				INFOPLIST_KEY_UIApplicationSupportsIndirectInputEvents = YES;
				INFOPLIST_KEY_UILaunchStoryboardName = LaunchScreen;
				INFOPLIST_KEY_UIMainStoryboardFile = Main;
				INFOPLIST_KEY_UISupportedInterfaceOrientations_iPad = "UIInterfaceOrientationPortrait UIInterfaceOrientationPortraitUpsideDown UIInterfaceOrientationLandscapeLeft UIInterfaceOrientationLandscapeRight";
				INFOPLIST_KEY_UISupportedInterfaceOrientations_iPhone = "UIInterfaceOrientationPortrait UIInterfaceOrientationLandscapeLeft UIInterfaceOrientationLandscapeRight";
				IPHONEOS_DEPLOYMENT_TARGET = 16.0;
				LD_RUNPATH_SEARCH_PATHS = (
					"$(inherited)",
					"@executable_path/Frameworks",
				);
				MARKETING_VERSION = 1.0;
				PRODUCT_BUNDLE_IDENTIFIER = com.AndreaBottino.Sense;
				PRODUCT_NAME = "$(TARGET_NAME)";
				SWIFT_EMIT_LOC_STRINGS = YES;
				SWIFT_VERSION = 5.0;
				TARGETED_DEVICE_FAMILY = "1,2";
			};
			name = Release;
		};
/* End XCBuildConfiguration section */

/* Begin XCConfigurationList section */
		62A455142B08C5E800ACD2E6 /* Build configuration list for PBXProject "Sense" */ = {
			isa = XCConfigurationList;
			buildConfigurations = (
				62A4552B2B08C5EA00ACD2E6 /* Debug */,
				62A4552C2B08C5EA00ACD2E6 /* Release */,
			);
			defaultConfigurationIsVisible = 0;
			defaultConfigurationName = Release;
		};
		62A4552D2B08C5EA00ACD2E6 /* Build configuration list for PBXNativeTarget "Sense" */ = {
			isa = XCConfigurationList;
			buildConfigurations = (
				62A4552E2B08C5EA00ACD2E6 /* Debug */,
				62A4552F2B08C5EA00ACD2E6 /* Release */,
			);
			defaultConfigurationIsVisible = 0;
			defaultConfigurationName = Release;
		};
/* End XCConfigurationList section */
	};
	rootObject = 62A455112B08C5E800ACD2E6 /* Project object */;
}
